Microsoft Visual Studio Solution File, Format Version 11.00
# Visual Studio 2008

Project("{B7F41FC1-412A-D2EE-75E9-B2635D3B9D5C}") = "Round", "Assembly-CSharp.csproj", "{55BAD59E-7D8C-F0C8-F387-F62D887B5E73}"
EndProject
Global
	GlobalSection(SolutionConfigurationPlatforms) = preSolution
		Debug|Any CPU = Debug|Any CPU
		Release|Any CPU = Release|Any CPU
	EndGlobalSection
	GlobalSection(ProjectConfigurationPlatforms) = postSolution
		{55BAD59E-7D8C-F0C8-F387-F62D887B5E73}.Debug|Any CPU.ActiveCfg = Debug|Any CPU
		{55BAD59E-7D8C-F0C8-F387-F62D887B5E73}.Debug|Any CPU.Build.0 = Debug|Any CPU
		{55BAD59E-7D8C-F0C8-F387-F62D887B5E73}.Release|Any CPU.ActiveCfg = Release|Any CPU
		{55BAD59E-7D8C-F0C8-F387-F62D887B5E73}.Release|Any CPU.Build.0 = Release|Any CPU
	EndGlobalSection
	GlobalSection(SolutionProperties) = preSolution
		HideSolutionNode = FALSE
	EndGlobalSection
	GlobalSection(MonoDevelopProperties) = preSolution
		StartupItem = Assembly-CSharp.csproj
	EndGlobalSection
EndGlobal
